
Microsoft Visual Studio Solution File, Format Version 12.00
# Visual Studio Version 16
VisualStudioVersion = 16.0.31205.134
MinimumVisualStudioVersion = 10.0.40219.1
Project("{FAE04EC0-301F-11D3-BF4B-00C04F79EFBC}") = "DiscordSTFU", "DiscordSTFU\DiscordSTFU.csproj", "{FFA86732-833F-4BC3-8E6E-833800F9003C}"
EndProject
Global
	GlobalSection(SolutionConfigurationPlatforms) = preSolution
		Debug|Any CPU = Debug|Any CPU
		Release|Any CPU = Release|Any CPU
	EndGlobalSection
	GlobalSection(ProjectConfigurationPlatforms) = postSolution
		{FFA86732-833F-4BC3-8E6E-833800F9003C}.Debug|Any CPU.ActiveCfg = Debug|Any CPU
		{FFA86732-833F-4BC3-8E6E-833800F9003C}.Debug|Any CPU.Build.0 = Debug|Any CPU
		{FFA86732-833F-4BC3-8E6E-833800F9003C}.Release|Any CPU.ActiveCfg = Release|Any CPU
		{FFA86732-833F-4BC3-8E6E-833800F9003C}.Release|Any CPU.Build.0 = Release|Any CPU
	EndGlobalSection
	GlobalSection(SolutionProperties) = preSolution
		HideSolutionNode = FALSE
	EndGlobalSection
	GlobalSection(ExtensibilityGlobals) = postSolution
		SolutionGuid = {FB1643E2-69AB-4F65-AC40-57BCC7D986B2}
	EndGlobalSection
EndGlobal
